
Microsoft Visual Studio Solution File, Format Version 12.00
# Visual Studio Version 16
VisualStudioVersion = 16.0.28803.202
MinimumVisualStudioVersion = 10.0.40219.1
Project("{8BC9CEB8-8B4A-11D0-8D11-00A0C91BC942}") = "HW4_2B", "HW4_2B.vcxproj", "{E49D391E-6F9C-458F-98EB-35C9D64BA948}"
EndProject
Global
	GlobalSection(SolutionConfigurationPlatforms) = preSolution
		Debug|x64 = Debug|x64
		Debug|x86 = Debug|x86
		Release|x64 = Release|x64
		Release|x86 = Release|x86
	EndGlobalSection
	GlobalSection(ProjectConfigurationPlatforms) = postSolution
		{E49D391E-6F9C-458F-98EB-35C9D64BA948}.Debug|x64.ActiveCfg = Debug|x64
		{E49D391E-6F9C-458F-98EB-35C9D64BA948}.Debug|x64.Build.0 = Debug|x64
		{E49D391E-6F9C-458F-98EB-35C9D64BA948}.Debug|x86.ActiveCfg = Debug|Win32
		{E49D391E-6F9C-458F-98EB-35C9D64BA948}.Debug|x86.Build.0 = Debug|Win32
		{E49D391E-6F9C-458F-98EB-35C9D64BA948}.Release|x64.ActiveCfg = Release|x64
		{E49D391E-6F9C-458F-98EB-35C9D64BA948}.Release|x64.Build.0 = Release|x64
		{E49D391E-6F9C-458F-98EB-35C9D64BA948}.Release|x86.ActiveCfg = Release|Win32
		{E49D391E-6F9C-458F-98EB-35C9D64BA948}.Release|x86.Build.0 = Release|Win32
	EndGlobalSection
	GlobalSection(SolutionProperties) = preSolution
		HideSolutionNode = FALSE
	EndGlobalSection
	GlobalSection(ExtensibilityGlobals) = postSolution
		SolutionGuid = {EFA3AA3C-0CB9-49F0-84C6-F30367A0706F}
	EndGlobalSection
EndGlobal
